// !$*UTF8*$!
{
	archiveVersion = 1;
	classes = {
	};
	objectVersion = 51;
	objects = {

/* Begin PBXBuildFile section */
		00E36D35C1659F3344E7B4D8 /* Pods_FacebookMessegeFeed_Task_.framework in Frameworks */ = {isa = PBXBuildFile; fileRef = CF6A18788DCD355B43002684 /* Pods_FacebookMessegeFeed_Task_.framework */; };
		C2912802246293C20040AAC5 /* AppDelegate.swift in Sources */ = {isa = PBXBuildFile; fileRef = C2912801246293C20040AAC5 /* AppDelegate.swift */; };
		C2912804246293C20040AAC5 /* SceneDelegate.swift in Sources */ = {isa = PBXBuildFile; fileRef = C2912803246293C20040AAC5 /* SceneDelegate.swift */; };
		C2912806246293C20040AAC5 /* ViewController.swift in Sources */ = {isa = PBXBuildFile; fileRef = C2912805246293C20040AAC5 /* ViewController.swift */; };
		C2912809246293C20040AAC5 /* Main.storyboard in Resources */ = {isa = PBXBuildFile; fileRef = C2912807246293C20040AAC5 /* Main.storyboard */; };
		C291280B246293C80040AAC5 /* Assets.xcassets in Resources */ = {isa = PBXBuildFile; fileRef = C291280A246293C80040AAC5 /* Assets.xcassets */; };
		C291280E246293C80040AAC5 /* LaunchScreen.storyboard in Resources */ = {isa = PBXBuildFile; fileRef = C291280C246293C80040AAC5 /* LaunchScreen.storyboard */; };
		C291281624629A410040AAC5 /* TableViewCell.swift in Sources */ = {isa = PBXBuildFile; fileRef = C291281524629A410040AAC5 /* TableViewCell.swift */; };
		C2912826246301B90040AAC5 /* FBModel.swift in Sources */ = {isa = PBXBuildFile; fileRef = C2912825246301B90040AAC5 /* FBModel.swift */; };
		C2912831246333CE0040AAC5 /* Extention+ViewController.swift in Sources */ = {isa = PBXBuildFile; fileRef = C2912830246333CE0040AAC5 /* Extention+ViewController.swift */; };
/* End PBXBuildFile section */

/* Begin PBXFileReference section */
		971F72B16CEA5320BFFC65AC /* Pods-FacebookMessegeFeed(Task).debug.xcconfig */ = {isa = PBXFileReference; includeInIndex = 1; lastKnownFileType = text.xcconfig; name = "Pods-FacebookMessegeFeed(Task).debug.xcconfig"; path = "Target Support Files/Pods-FacebookMessegeFeed(Task)/Pods-FacebookMessegeFeed(Task).debug.xcconfig"; sourceTree = "<group>"; };
		C29127FE246293C20040AAC5 /* FacebookMessegeFeed(Task).app */ = {isa = PBXFileReference; explicitFileType = wrapper.application; includeInIndex = 0; path = "FacebookMessegeFeed(Task).app"; sourceTree = BUILT_PRODUCTS_DIR; };
		C2912801246293C20040AAC5 /* AppDelegate.swift */ = {isa = PBXFileReference; lastKnownFileType = sourcecode.swift; path = AppDelegate.swift; sourceTree = "<group>"; };
		C2912803246293C20040AAC5 /* SceneDelegate.swift */ = {isa = PBXFileReference; lastKnownFileType = sourcecode.swift; path = SceneDelegate.swift; sourceTree = "<group>"; };
		C2912805246293C20040AAC5 /* ViewController.swift */ = {isa = PBXFileReference; lastKnownFileType = sourcecode.swift; path = ViewController.swift; sourceTree = "<group>"; };
		C2912808246293C20040AAC5 /* Base */ = {isa = PBXFileReference; lastKnownFileType = file.storyboard; name = Base; path = Base.lproj/Main.storyboard; sourceTree = "<group>"; };
		C291280A246293C80040AAC5 /* Assets.xcassets */ = {isa = PBXFileReference; lastKnownFileType = folder.assetcatalog; path = Assets.xcassets; sourceTree = "<group>"; };
		C291280D246293C80040AAC5 /* Base */ = {isa = PBXFileReference; lastKnownFileType = file.storyboard; name = Base; path = Base.lproj/LaunchScreen.storyboard; sourceTree = "<group>"; };
		C291280F246293C80040AAC5 /* Info.plist */ = {isa = PBXFileReference; lastKnownFileType = text.plist.xml; path = Info.plist; sourceTree = "<group>"; };
		C291281524629A410040AAC5 /* TableViewCell.swift */ = {isa = PBXFileReference; lastKnownFileType = sourcecode.swift; path = TableViewCell.swift; sourceTree = "<group>"; };
		C2912825246301B90040AAC5 /* FBModel.swift */ = {isa = PBXFileReference; lastKnownFileType = sourcecode.swift; path = FBModel.swift; sourceTree = "<group>"; };
		C2912830246333CE0040AAC5 /* Extention+ViewController.swift */ = {isa = PBXFileReference; lastKnownFileType = sourcecode.swift; path = "Extention+ViewController.swift"; sourceTree = "<group>"; };
		CC6ED2548C0C493D781B4AED /* Pods-FacebookMessegeFeed(Task).release.xcconfig */ = {isa = PBXFileReference; includeInIndex = 1; lastKnownFileType = text.xcconfig; name = "Pods-FacebookMessegeFeed(Task).release.xcconfig"; path = "Target Support Files/Pods-FacebookMessegeFeed(Task)/Pods-FacebookMessegeFeed(Task).release.xcconfig"; sourceTree = "<group>"; };
		CF6A18788DCD355B43002684 /* Pods_FacebookMessegeFeed_Task_.framework */ = {isa = PBXFileReference; explicitFileType = wrapper.framework; includeInIndex = 0; path = Pods_FacebookMessegeFeed_Task_.framework; sourceTree = BUILT_PRODUCTS_DIR; };
/* End PBXFileReference section */

/* Begin PBXFrameworksBuildPhase section */
		C29127FB246293C20040AAC5 /* Frameworks */ = {
			isa = PBXFrameworksBuildPhase;
			buildActionMask = 2147483647;
			files = (
				00E36D35C1659F3344E7B4D8 /* Pods_FacebookMessegeFeed_Task_.framework in Frameworks */,
			);
			runOnlyForDeploymentPostprocessing = 0;
		};
/* End PBXFrameworksBuildPhase section */

/* Begin PBXGroup section */
		489C885B30B2E6AF11E48AC0 /* Frameworks */ = {
			isa = PBXGroup;
			children = (
				CF6A18788DCD355B43002684 /* Pods_FacebookMessegeFeed_Task_.framework */,
			);
			name = Frameworks;
			sourceTree = "<group>";
		};
		C29127F5246293C20040AAC5 = {
			isa = PBXGroup;
			children = (
				C2912800246293C20040AAC5 /* FacebookMessegeFeed(Task) */,
				C29127FF246293C20040AAC5 /* Products */,
				DAA4A7C16B745EBA4E6932A7 /* Pods */,
				489C885B30B2E6AF11E48AC0 /* Frameworks */,
			);
			sourceTree = "<group>";
		};
		C29127FF246293C20040AAC5 /* Products */ = {
			isa = PBXGroup;
			children = (
				C29127FE246293C20040AAC5 /* FacebookMessegeFeed(Task).app */,
			);
			name = Products;
			sourceTree = "<group>";
		};
		C2912800246293C20040AAC5 /* FacebookMessegeFeed(Task) */ = {
			isa = PBXGroup;
			children = (
				C291282D24632FC50040AAC5 /* Model */,
				C291282C24632FBB0040AAC5 /* View */,
				C291282B24632FA00040AAC5 /* Controller */,
				C2912801246293C20040AAC5 /* AppDelegate.swift */,
				C2912803246293C20040AAC5 /* SceneDelegate.swift */,
				C291280A246293C80040AAC5 /* Assets.xcassets */,
				C291280F246293C80040AAC5 /* Info.plist */,
			);
			path = "FacebookMessegeFeed(Task)";
			sourceTree = "<group>";
		};
		C291282B24632FA00040AAC5 /* Controller */ = {
			isa = PBXGroup;
			children = (
				C2912805246293C20040AAC5 /* ViewController.swift */,
				C291281524629A410040AAC5 /* TableViewCell.swift */,
			);
			path = Controller;
			sourceTree = "<group>";
		};
		C291282C24632FBB0040AAC5 /* View */ = {
			isa = PBXGroup;
			children = (
				C2912807246293C20040AAC5 /* Main.storyboard */,
				C291280C246293C80040AAC5 /* LaunchScreen.storyboard */,
			);
			path = View;
			sourceTree = "<group>";
		};
		C291282D24632FC50040AAC5 /* Model */ = {
			isa = PBXGroup;
			children = (
				C2912830246333CE0040AAC5 /* Extention+ViewController.swift */,
				C2912825246301B90040AAC5 /* FBModel.swift */,
			);
			path = Model;
			sourceTree = "<group>";
		};
		DAA4A7C16B745EBA4E6932A7 /* Pods */ = {
			isa = PBXGroup;
			children = (
				971F72B16CEA5320BFFC65AC /* Pods-FacebookMessegeFeed(Task).debug.xcconfig */,
				CC6ED2548C0C493D781B4AED /* Pods-FacebookMessegeFeed(Task).release.xcconfig */,
			);
			path = Pods;
			sourceTree = "<group>";
		};
/* End PBXGroup section */

/* Begin PBXNativeTarget section */
		C29127FD246293C20040AAC5 /* FacebookMessegeFeed(Task) */ = {
			isa = PBXNativeTarget;
			buildConfigurationList = C2912812246293C80040AAC5 /* Build configuration list for PBXNativeTarget "FacebookMessegeFeed(Task)" */;
			buildPhases = (
				FCC927C9FC4B4886FB46A7F6 /* [CP] Check Pods Manifest.lock */,
				C29127FA246293C20040AAC5 /* Sources */,
				C29127FB246293C20040AAC5 /* Frameworks */,
				C29127FC246293C20040AAC5 /* Resources */,
				7E99F8FA03399D5FB411A4B5 /* [CP] Embed Pods Frameworks */,
			);
			buildRules = (
			);
			dependencies = (
			);
			name = "FacebookMessegeFeed(Task)";
			productName = "FacebookMessegeFeed(Task)";
			productReference = C29127FE246293C20040AAC5 /* FacebookMessegeFeed(Task).app */;
			productType = "com.apple.product-type.application";
		};
/* End PBXNativeTarget section */

/* Begin PBXProject section */
		C29127F6246293C20040AAC5 /* Project object */ = {
			isa = PBXProject;
			attributes = {
				LastSwiftUpdateCheck = 1130;
				LastUpgradeCheck = 1130;
				ORGANIZATIONNAME = "taj hassan";
				TargetAttributes = {
					C29127FD246293C20040AAC5 = {
						CreatedOnToolsVersion = 11.3;
					};
				};
			};
			buildConfigurationList = C29127F9246293C20040AAC5 /* Build configuration list for PBXProject "FacebookMessegeFeed(Task)" */;
			compatibilityVersion = "Xcode 9.3";
			developmentRegion = en;
			hasScannedForEncodings = 0;
			knownRegions = (
				en,
				Base,
			);
			mainGroup = C29127F5246293C20040AAC5;
			productRefGroup = C29127FF246293C20040AAC5 /* Products */;
			projectDirPath = "";
			projectRoot = "";
			targets = (
				C29127FD246293C20040AAC5 /* FacebookMessegeFeed(Task) */,
			);
		};
/* End PBXProject section */

/* Begin PBXResourcesBuildPhase section */
		C29127FC246293C20040AAC5 /* Resources */ = {
			isa = PBXResourcesBuildPhase;
			buildActionMask = 2147483647;
			files = (
				C291280E246293C80040AAC5 /* LaunchScreen.storyboard in Resources */,
				C291280B246293C80040AAC5 /* Assets.xcassets in Resources */,
				C2912809246293C20040AAC5 /* Main.storyboard in Resources */,
			);
			runOnlyForDeploymentPostprocessing = 0;
		};
/* End PBXResourcesBuildPhase section */

/* Begin PBXShellScriptBuildPhase section */
		7E99F8FA03399D5FB411A4B5 /* [CP] Embed Pods Frameworks */ = {
			isa = PBXShellScriptBuildPhase;
			buildActionMask = 2147483647;
			files = (
			);
			inputFileListPaths = (
				"${PODS_ROOT}/Target Support Files/Pods-FacebookMessegeFeed(Task)/Pods-FacebookMessegeFeed(Task)-frameworks-${CONFIGURATION}-input-files.xcfilelist",
			);
			name = "[CP] Embed Pods Frameworks";
			outputFileListPaths = (
				"${PODS_ROOT}/Target Support Files/Pods-FacebookMessegeFeed(Task)/Pods-FacebookMessegeFeed(Task)-frameworks-${CONFIGURATION}-output-files.xcfilelist",
			);
			runOnlyForDeploymentPostprocessing = 0;
			shellPath = /bin/sh;
			shellScript = "\"${PODS_ROOT}/Target Support Files/Pods-FacebookMessegeFeed(Task)/Pods-FacebookMessegeFeed(Task)-frameworks.sh\"\n";
			showEnvVarsInLog = 0;
		};
		FCC927C9FC4B4886FB46A7F6 /* [CP] Check Pods Manifest.lock */ = {
			isa = PBXShellScriptBuildPhase;
			buildActionMask = 2147483647;
			files = (
			);
			inputFileListPaths = (
			);
			inputPaths = (
				"${PODS_PODFILE_DIR_PATH}/Podfile.lock",
				"${PODS_ROOT}/Manifest.lock",
			);
			name = "[CP] Check Pods Manifest.lock";
			outputFileListPaths = (
			);
			outputPaths = (
				"$(DERIVED_FILE_DIR)/Pods-FacebookMessegeFeed(Task)-checkManifestLockResult.txt",
			);
			runOnlyForDeploymentPostprocessing = 0;
			shellPath = /bin/sh;
			shellScript = "diff \"${PODS_PODFILE_DIR_PATH}/Podfile.lock\" \"${PODS_ROOT}/Manifest.lock\" > /dev/null\nif [ $? != 0 ] ; then\n    # print error to STDERR\n    echo \"error: The sandbox is not in sync with the Podfile.lock. Run 'pod install' or update your CocoaPods installation.\" >&2\n    exit 1\nfi\n# This output is used by Xcode 'outputs' to avoid re-running this script phase.\necho \"SUCCESS\" > \"${SCRIPT_OUTPUT_FILE_0}\"\n";
			showEnvVarsInLog = 0;
		};
/* End PBXShellScriptBuildPhase section */

/* Begin PBXSourcesBuildPhase section */
		C29127FA246293C20040AAC5 /* Sources */ = {
			isa = PBXSourcesBuildPhase;
			buildActionMask = 2147483647;
			files = (
				C2912831246333CE0040AAC5 /* Extention+ViewController.swift in Sources */,
				C2912806246293C20040AAC5 /* ViewController.swift in Sources */,
				C291281624629A410040AAC5 /* TableViewCell.swift in Sources */,
				C2912826246301B90040AAC5 /* FBModel.swift in Sources */,
				C2912802246293C20040AAC5 /* AppDelegate.swift in Sources */,
				C2912804246293C20040AAC5 /* SceneDelegate.swift in Sources */,
			);
			runOnlyForDeploymentPostprocessing = 0;
		};
/* End PBXSourcesBuildPhase section */

/* Begin PBXVariantGroup section */
		C2912807246293C20040AAC5 /* Main.storyboard */ = {
			isa = PBXVariantGroup;
			children = (
				C2912808246293C20040AAC5 /* Base */,
			);
			name = Main.storyboard;
			sourceTree = "<group>";
		};
		C291280C246293C80040AAC5 /* LaunchScreen.storyboard */ = {
			isa = PBXVariantGroup;
			children = (
				C291280D246293C80040AAC5 /* Base */,
			);
			name = LaunchScreen.storyboard;
			sourceTree = "<group>";
		};
/* End PBXVariantGroup section */

/* Begin XCBuildConfiguration section */
		C2912810246293C80040AAC5 /* Debug */ = {
			isa = XCBuildConfiguration;
			buildSettings = {
				ALWAYS_SEARCH_USER_PATHS = NO;
				CLANG_ANALYZER_NONNULL = YES;
				CLANG_ANALYZER_NUMBER_OBJECT_CONVERSION = YES_AGGRESSIVE;
				CLANG_CXX_LANGUAGE_STANDARD = "gnu++14";
				CLANG_CXX_LIBRARY = "libc++";
				CLANG_ENABLE_MODULES = YES;
				CLANG_ENABLE_OBJC_ARC = YES;
				CLANG_ENABLE_OBJC_WEAK = YES;
				CLANG_WARN_BLOCK_CAPTURE_AUTORELEASING = YES;
				CLANG_WARN_BOOL_CONVERSION = YES;
				CLANG_WARN_COMMA = YES;
				CLANG_WARN_CONSTANT_CONVERSION = YES;
				CLANG_WARN_DEPRECATED_OBJC_IMPLEMENTATIONS = YES;
				CLANG_WARN_DIRECT_OBJC_ISA_USAGE = YES_ERROR;
				CLANG_WARN_DOCUMENTATION_COMMENTS = YES;
				CLANG_WARN_EMPTY_BODY = YES;
				CLANG_WARN_ENUM_CONVERSION = YES;
				CLANG_WARN_INFINITE_RECURSION = YES;
				CLANG_WARN_INT_CONVERSION = YES;
				CLANG_WARN_NON_LITERAL_NULL_CONVERSION = YES;
				CLANG_WARN_OBJC_IMPLICIT_RETAIN_SELF = YES;
				CLANG_WARN_OBJC_LITERAL_CONVERSION = YES;
				CLANG_WARN_OBJC_ROOT_CLASS = YES_ERROR;
				CLANG_WARN_RANGE_LOOP_ANALYSIS = YES;
				CLANG_WARN_STRICT_PROTOTYPES = YES;
				CLANG_WARN_SUSPICIOUS_MOVE = YES;
				CLANG_WARN_UNGUARDED_AVAILABILITY = YES_AGGRESSIVE;
				CLANG_WARN_UNREACHABLE_CODE = YES;
				CLANG_WARN__DUPLICATE_METHOD_MATCH = YES;
				COPY_PHASE_STRIP = NO;
				DEBUG_INFORMATION_FORMAT = dwarf;
				ENABLE_STRICT_OBJC_MSGSEND = YES;
				ENABLE_TESTABILITY = YES;
				GCC_C_LANGUAGE_STANDARD = gnu11;
				GCC_DYNAMIC_NO_PIC = NO;
				GCC_NO_COMMON_BLOCKS = YES;
				GCC_OPTIMIZATION_LEVEL = 0;
				GCC_PREPROCESSOR_DEFINITIONS = (
					"DEBUG=1",
					"$(inherited)",
				);
				GCC_WARN_64_TO_32_BIT_CONVERSION = YES;
				GCC_WARN_ABOUT_RETURN_TYPE = YES_ERROR;
				GCC_WARN_UNDECLARED_SELECTOR = YES;
				GCC_WARN_UNINITIALIZED_AUTOS = YES_AGGRESSIVE;
				GCC_WARN_UNUSED_FUNCTION = YES;
				GCC_WARN_UNUSED_VARIABLE = YES;
				IPHONEOS_DEPLOYMENT_TARGET = 13.2;
				MTL_ENABLE_DEBUG_INFO = INCLUDE_SOURCE;
				MTL_FAST_MATH = YES;
				ONLY_ACTIVE_ARCH = YES;
				SDKROOT = iphoneos;
				SWIFT_ACTIVE_COMPILATION_CONDITIONS = DEBUG;
				SWIFT_OPTIMIZATION_LEVEL = "-Onone";
			};
			name = Debug;
		};
		C2912811246293C80040AAC5 /* Release */ = {
			isa = XCBuildConfiguration;
			buildSettings = {
				ALWAYS_SEARCH_USER_PATHS = NO;
				CLANG_ANALYZER_NONNULL = YES;
				CLANG_ANALYZER_NUMBER_OBJECT_CONVERSION = YES_AGGRESSIVE;
				CLANG_CXX_LANGUAGE_STANDARD = "gnu++14";
				CLANG_CXX_LIBRARY = "libc++";
				CLANG_ENABLE_MODULES = YES;
				CLANG_ENABLE_OBJC_ARC = YES;
				CLANG_ENABLE_OBJC_WEAK = YES;
				CLANG_WARN_BLOCK_CAPTURE_AUTORELEASING = YES;
				CLANG_WARN_BOOL_CONVERSION = YES;
				CLANG_WARN_COMMA = YES;
				CLANG_WARN_CONSTANT_CONVERSION = YES;
				CLANG_WARN_DEPRECATED_OBJC_IMPLEMENTATIONS = YES;
				CLANG_WARN_DIRECT_OBJC_ISA_USAGE = YES_ERROR;
				CLANG_WARN_DOCUMENTATION_COMMENTS = YES;
				CLANG_WARN_EMPTY_BODY = YES;
				CLANG_WARN_ENUM_CONVERSION = YES;
				CLANG_WARN_INFINITE_RECURSION = YES;
				CLANG_WARN_INT_CONVERSION = YES;
				CLANG_WARN_NON_LITERAL_NULL_CONVERSION = YES;
				CLANG_WARN_OBJC_IMPLICIT_RETAIN_SELF = YES;
				CLANG_WARN_OBJC_LITERAL_CONVERSION = YES;
				CLANG_WARN_OBJC_ROOT_CLASS = YES_ERROR;
				CLANG_WARN_RANGE_LOOP_ANALYSIS = YES;
				CLANG_WARN_STRICT_PROTOTYPES = YES;
				CLANG_WARN_SUSPICIOUS_MOVE = YES;
				CLANG_WARN_UNGUARDED_AVAILABILITY = YES_AGGRESSIVE;
				CLANG_WARN_UNREACHABLE_CODE = YES;
				CLANG_WARN__DUPLICATE_METHOD_MATCH = YES;
				COPY_PHASE_STRIP = NO;
				DEBUG_INFORMATION_FORMAT = "dwarf-with-dsym";
				ENABLE_NS_ASSERTIONS = NO;
				ENABLE_STRICT_OBJC_MSGSEND = YES;
				GCC_C_LANGUAGE_STANDARD = gnu11;
				GCC_NO_COMMON_BLOCKS = YES;
				GCC_WARN_64_TO_32_BIT_CONVERSION = YES;
				GCC_WARN_ABOUT_RETURN_TYPE = YES_ERROR;
				GCC_WARN_UNDECLARED_SELECTOR = YES;
				GCC_WARN_UNINITIALIZED_AUTOS = YES_AGGRESSIVE;
				GCC_WARN_UNUSED_FUNCTION = YES;
				GCC_WARN_UNUSED_VARIABLE = YES;
				IPHONEOS_DEPLOYMENT_TARGET = 13.2;
				MTL_ENABLE_DEBUG_INFO = NO;
				MTL_FAST_MATH = YES;
				SDKROOT = iphoneos;
				SWIFT_COMPILATION_MODE = wholemodule;
				SWIFT_OPTIMIZATION_LEVEL = "-O";
				VALIDATE_PRODUCT = YES;
			};
			name = Release;
		};
		C2912813246293C80040AAC5 /* Debug */ = {
			isa = XCBuildConfiguration;
			baseConfigurationReference = 971F72B16CEA5320BFFC65AC /* Pods-FacebookMessegeFeed(Task).debug.xcconfig */;
			buildSettings = {
				ASSETCATALOG_COMPILER_APPICON_NAME = AppIcon;
				CODE_SIGN_STYLE = Automatic;
				DEVELOPMENT_TEAM = 999U3TAW93;
				INFOPLIST_FILE = "FacebookMessegeFeed(Task)/Info.plist";
				LD_RUNPATH_SEARCH_PATHS = (
					"$(inherited)",
					"@executable_path/Frameworks",
				);
				PRODUCT_BUNDLE_IDENTIFIER = "taj.FacebookMessegeFeed-Task-";
				PRODUCT_NAME = "$(TARGET_NAME)";
				SWIFT_VERSION = 5.0;
				TARGETED_DEVICE_FAMILY = "1,2";
			};
			name = Debug;
		};
		C2912814246293C80040AAC5 /* Release */ = {
			isa = XCBuildConfiguration;
			baseConfigurationReference = CC6ED2548C0C493D781B4AED /* Pods-FacebookMessegeFeed(Task).release.xcconfig */;
			buildSettings = {
				ASSETCATALOG_COMPILER_APPICON_NAME = AppIcon;
				CODE_SIGN_STYLE = Automatic;
				DEVELOPMENT_TEAM = 999U3TAW93;
				INFOPLIST_FILE = "FacebookMessegeFeed(Task)/Info.plist";
				LD_RUNPATH_SEARCH_PATHS = (
					"$(inherited)",
					"@executable_path/Frameworks",
				);
				PRODUCT_BUNDLE_IDENTIFIER = "taj.FacebookMessegeFeed-Task-";
				PRODUCT_NAME = "$(TARGET_NAME)";
				SWIFT_VERSION = 5.0;
				TARGETED_DEVICE_FAMILY = "1,2";
			};
			name = Release;
		};
/* End XCBuildConfiguration section */

/* Begin XCConfigurationList section */
		C29127F9246293C20040AAC5 /* Build configuration list for PBXProject "FacebookMessegeFeed(Task)" */ = {
			isa = XCConfigurationList;
			buildConfigurations = (
				C2912810246293C80040AAC5 /* Debug */,
				C2912811246293C80040AAC5 /* Release */,
			);
			defaultConfigurationIsVisible = 0;
			defaultConfigurationName = Release;
		};
		C2912812246293C80040AAC5 /* Build configuration list for PBXNativeTarget "FacebookMessegeFeed(Task)" */ = {
			isa = XCConfigurationList;
			buildConfigurations = (
				C2912813246293C80040AAC5 /* Debug */,
				C2912814246293C80040AAC5 /* Release */,
			);
			defaultConfigurationIsVisible = 0;
			defaultConfigurationName = Release;
		};
/* End XCConfigurationList section */
	};
	rootObject = C29127F6246293C20040AAC5 /* Project object */;
}
